// !$*UTF8*$!
{
	archiveVersion = 1;
	classes = {
	};
	objectVersion = 50;
	objects = {

/* Begin PBXBuildFile section */
		8811B267235DC17B00D7E438 /* AppDelegate.swift in Sources */ = {isa = PBXBuildFile; fileRef = 8811B266235DC17B00D7E438 /* AppDelegate.swift */; };
		8811B269235DC17B00D7E438 /* TodoListViewController.swift in Sources */ = {isa = PBXBuildFile; fileRef = 8811B268235DC17B00D7E438 /* TodoListViewController.swift */; };
		8811B26C235DC17B00D7E438 /* Main.storyboard in Resources */ = {isa = PBXBuildFile; fileRef = 8811B26A235DC17B00D7E438 /* Main.storyboard */; };
		8811B26E235DC18000D7E438 /* Assets.xcassets in Resources */ = {isa = PBXBuildFile; fileRef = 8811B26D235DC18000D7E438 /* Assets.xcassets */; };
		8811B271235DC18000D7E438 /* LaunchScreen.storyboard in Resources */ = {isa = PBXBuildFile; fileRef = 8811B26F235DC18000D7E438 /* LaunchScreen.storyboard */; };
		88239541235F384600DAB81B /* DataModel.xcdatamodeld in Sources */ = {isa = PBXBuildFile; fileRef = 8823953F235F384600DAB81B /* DataModel.xcdatamodeld */; };
		88B6B91E2361E0800017B0A8 /* CategoryViewController.swift in Sources */ = {isa = PBXBuildFile; fileRef = 88B6B91D2361E0800017B0A8 /* CategoryViewController.swift */; };
/* End PBXBuildFile section */

/* Begin PBXFileReference section */
		8811B263235DC17B00D7E438 /* todoey.app */ = {isa = PBXFileReference; explicitFileType = wrapper.application; includeInIndex = 0; path = todoey.app; sourceTree = BUILT_PRODUCTS_DIR; };
		8811B266235DC17B00D7E438 /* AppDelegate.swift */ = {isa = PBXFileReference; lastKnownFileType = sourcecode.swift; path = AppDelegate.swift; sourceTree = "<group>"; };
		8811B268235DC17B00D7E438 /* TodoListViewController.swift */ = {isa = PBXFileReference; lastKnownFileType = sourcecode.swift; path = TodoListViewController.swift; sourceTree = "<group>"; };
		8811B26B235DC17B00D7E438 /* Base */ = {isa = PBXFileReference; lastKnownFileType = file.storyboard; name = Base; path = Base.lproj/Main.storyboard; sourceTree = "<group>"; };
		8811B26D235DC18000D7E438 /* Assets.xcassets */ = {isa = PBXFileReference; lastKnownFileType = folder.assetcatalog; path = Assets.xcassets; sourceTree = "<group>"; };
		8811B270235DC18000D7E438 /* Base */ = {isa = PBXFileReference; lastKnownFileType = file.storyboard; name = Base; path = Base.lproj/LaunchScreen.storyboard; sourceTree = "<group>"; };
		8811B272235DC18000D7E438 /* Info.plist */ = {isa = PBXFileReference; lastKnownFileType = text.plist.xml; path = Info.plist; sourceTree = "<group>"; };
		88239540235F384600DAB81B /* DataModel.xcdatamodel */ = {isa = PBXFileReference; lastKnownFileType = wrapper.xcdatamodel; path = DataModel.xcdatamodel; sourceTree = "<group>"; };
		88B6B91D2361E0800017B0A8 /* CategoryViewController.swift */ = {isa = PBXFileReference; lastKnownFileType = sourcecode.swift; path = CategoryViewController.swift; sourceTree = "<group>"; };
/* End PBXFileReference section */

/* Begin PBXFrameworksBuildPhase section */
		8811B260235DC17B00D7E438 /* Frameworks */ = {
			isa = PBXFrameworksBuildPhase;
			buildActionMask = 2147483647;
			files = (
			);
			runOnlyForDeploymentPostprocessing = 0;
		};
/* End PBXFrameworksBuildPhase section */

/* Begin PBXGroup section */
		8811B25A235DC17B00D7E438 = {
			isa = PBXGroup;
			children = (
				8811B265235DC17B00D7E438 /* todoey */,
				8811B264235DC17B00D7E438 /* Products */,
			);
			sourceTree = "<group>";
		};
		8811B264235DC17B00D7E438 /* Products */ = {
			isa = PBXGroup;
			children = (
				8811B263235DC17B00D7E438 /* todoey.app */,
			);
			name = Products;
			sourceTree = "<group>";
		};
		8811B265235DC17B00D7E438 /* todoey */ = {
			isa = PBXGroup;
			children = (
				8811B266235DC17B00D7E438 /* AppDelegate.swift */,
				8811B268235DC17B00D7E438 /* TodoListViewController.swift */,
				8823953F235F384600DAB81B /* DataModel.xcdatamodeld */,
				8811B26A235DC17B00D7E438 /* Main.storyboard */,
				88B6B91D2361E0800017B0A8 /* CategoryViewController.swift */,
				8811B26D235DC18000D7E438 /* Assets.xcassets */,
				8811B26F235DC18000D7E438 /* LaunchScreen.storyboard */,
				8811B272235DC18000D7E438 /* Info.plist */,
			);
			path = todoey;
			sourceTree = "<group>";
		};
/* End PBXGroup section */

/* Begin PBXNativeTarget section */
		8811B262235DC17B00D7E438 /* todoey */ = {
			isa = PBXNativeTarget;
			buildConfigurationList = 8811B275235DC18000D7E438 /* Build configuration list for PBXNativeTarget "todoey" */;
			buildPhases = (
				8811B25F235DC17B00D7E438 /* Sources */,
				8811B260235DC17B00D7E438 /* Frameworks */,
				8811B261235DC17B00D7E438 /* Resources */,
			);
			buildRules = (
			);
			dependencies = (
			);
			name = todoey;
			productName = todoey;
			productReference = 8811B263235DC17B00D7E438 /* todoey.app */;
			productType = "com.apple.product-type.application";
		};
/* End PBXNativeTarget section */

/* Begin PBXProject section */
		8811B25B235DC17B00D7E438 /* Project object */ = {
			isa = PBXProject;
			attributes = {
				LastSwiftUpdateCheck = 1010;
				LastUpgradeCheck = 1010;
				ORGANIZATIONNAME = iMac;
				TargetAttributes = {
					8811B262235DC17B00D7E438 = {
						CreatedOnToolsVersion = 10.1;
					};
				};
			};
			buildConfigurationList = 8811B25E235DC17B00D7E438 /* Build configuration list for PBXProject "todoey" */;
			compatibilityVersion = "Xcode 9.3";
			developmentRegion = en;
			hasScannedForEncodings = 0;
			knownRegions = (
				en,
				Base,
			);
			mainGroup = 8811B25A235DC17B00D7E438;
			productRefGroup = 8811B264235DC17B00D7E438 /* Products */;
			projectDirPath = "";
			projectRoot = "";
			targets = (
				8811B262235DC17B00D7E438 /* todoey */,
			);
		};
/* End PBXProject section */

/* Begin PBXResourcesBuildPhase section */
		8811B261235DC17B00D7E438 /* Resources */ = {
			isa = PBXResourcesBuildPhase;
			buildActionMask = 2147483647;
			files = (
				8811B271235DC18000D7E438 /* LaunchScreen.storyboard in Resources */,
				8811B26E235DC18000D7E438 /* Assets.xcassets in Resources */,
				8811B26C235DC17B00D7E438 /* Main.storyboard in Resources */,
			);
			runOnlyForDeploymentPostprocessing = 0;
		};
/* End PBXResourcesBuildPhase section */

/* Begin PBXSourcesBuildPhase section */
		8811B25F235DC17B00D7E438 /* Sources */ = {
			isa = PBXSourcesBuildPhase;
			buildActionMask = 2147483647;
			files = (
				88B6B91E2361E0800017B0A8 /* CategoryViewController.swift in Sources */,
				8811B269235DC17B00D7E438 /* TodoListViewController.swift in Sources */,
				88239541235F384600DAB81B /* DataModel.xcdatamodeld in Sources */,
				8811B267235DC17B00D7E438 /* AppDelegate.swift in Sources */,
			);
			runOnlyForDeploymentPostprocessing = 0;
		};
/* End PBXSourcesBuildPhase section */

/* Begin PBXVariantGroup section */
		8811B26A235DC17B00D7E438 /* Main.storyboard */ = {
			isa = PBXVariantGroup;
			children = (
				8811B26B235DC17B00D7E438 /* Base */,
			);
			name = Main.storyboard;
			sourceTree = "<group>";
		};
		8811B26F235DC18000D7E438 /* LaunchScreen.storyboard */ = {
			isa = PBXVariantGroup;
			children = (
				8811B270235DC18000D7E438 /* Base */,
			);
			name = LaunchScreen.storyboard;
			sourceTree = "<group>";
		};
/* End PBXVariantGroup section */

/* Begin XCBuildConfiguration section */
		8811B273235DC18000D7E438 /* Debug */ = {
			isa = XCBuildConfiguration;
			buildSettings = {
				ALWAYS_SEARCH_USER_PATHS = NO;
				CLANG_ANALYZER_NONNULL = YES;
				CLANG_ANALYZER_NUMBER_OBJECT_CONVERSION = YES_AGGRESSIVE;
				CLANG_CXX_LANGUAGE_STANDARD = "gnu++14";
				CLANG_CXX_LIBRARY = "libc++";
				CLANG_ENABLE_MODULES = YES;
				CLANG_ENABLE_OBJC_ARC = YES;
				CLANG_ENABLE_OBJC_WEAK = YES;
				CLANG_WARN_BLOCK_CAPTURE_AUTORELEASING = YES;
				CLANG_WARN_BOOL_CONVERSION = YES;
				CLANG_WARN_COMMA = YES;
				CLANG_WARN_CONSTANT_CONVERSION = YES;
				CLANG_WARN_DEPRECATED_OBJC_IMPLEMENTATIONS = YES;
				CLANG_WARN_DIRECT_OBJC_ISA_USAGE = YES_ERROR;
				CLANG_WARN_DOCUMENTATION_COMMENTS = YES;
				CLANG_WARN_EMPTY_BODY = YES;
				CLANG_WARN_ENUM_CONVERSION = YES;
				CLANG_WARN_INFINITE_RECURSION = YES;
				CLANG_WARN_INT_CONVERSION = YES;
				CLANG_WARN_NON_LITERAL_NULL_CONVERSION = YES;
				CLANG_WARN_OBJC_IMPLICIT_RETAIN_SELF = YES;
				CLANG_WARN_OBJC_LITERAL_CONVERSION = YES;
				CLANG_WARN_OBJC_ROOT_CLASS = YES_ERROR;
				CLANG_WARN_RANGE_LOOP_ANALYSIS = YES;
				CLANG_WARN_STRICT_PROTOTYPES = YES;
				CLANG_WARN_SUSPICIOUS_MOVE = YES;
				CLANG_WARN_UNGUARDED_AVAILABILITY = YES_AGGRESSIVE;
				CLANG_WARN_UNREACHABLE_CODE = YES;
				CLANG_WARN__DUPLICATE_METHOD_MATCH = YES;
				CODE_SIGN_IDENTITY = "iPhone Developer";
				COPY_PHASE_STRIP = NO;
				DEBUG_INFORMATION_FORMAT = dwarf;
				ENABLE_STRICT_OBJC_MSGSEND = YES;
				ENABLE_TESTABILITY = YES;
				GCC_C_LANGUAGE_STANDARD = gnu11;
				GCC_DYNAMIC_NO_PIC = NO;
				GCC_NO_COMMON_BLOCKS = YES;
				GCC_OPTIMIZATION_LEVEL = 0;
				GCC_PREPROCESSOR_DEFINITIONS = (
					"DEBUG=1",
					"$(inherited)",
				);
				GCC_WARN_64_TO_32_BIT_CONVERSION = YES;
				GCC_WARN_ABOUT_RETURN_TYPE = YES_ERROR;
				GCC_WARN_UNDECLARED_SELECTOR = YES;
				GCC_WARN_UNINITIALIZED_AUTOS = YES_AGGRESSIVE;
				GCC_WARN_UNUSED_FUNCTION = YES;
				GCC_WARN_UNUSED_VARIABLE = YES;
				IPHONEOS_DEPLOYMENT_TARGET = 12.1;
				MTL_ENABLE_DEBUG_INFO = INCLUDE_SOURCE;
				MTL_FAST_MATH = YES;
				ONLY_ACTIVE_ARCH = YES;
				SDKROOT = iphoneos;
				SWIFT_ACTIVE_COMPILATION_CONDITIONS = DEBUG;
				SWIFT_OPTIMIZATION_LEVEL = "-Onone";
			};
			name = Debug;
		};
		8811B274235DC18000D7E438 /* Release */ = {
			isa = XCBuildConfiguration;
			buildSettings = {
				ALWAYS_SEARCH_USER_PATHS = NO;
				CLANG_ANALYZER_NONNULL = YES;
				CLANG_ANALYZER_NUMBER_OBJECT_CONVERSION = YES_AGGRESSIVE;
				CLANG_CXX_LANGUAGE_STANDARD = "gnu++14";
				CLANG_CXX_LIBRARY = "libc++";
				CLANG_ENABLE_MODULES = YES;
				CLANG_ENABLE_OBJC_ARC = YES;
				CLANG_ENABLE_OBJC_WEAK = YES;
				CLANG_WARN_BLOCK_CAPTURE_AUTORELEASING = YES;
				CLANG_WARN_BOOL_CONVERSION = YES;
				CLANG_WARN_COMMA = YES;
				CLANG_WARN_CONSTANT_CONVERSION = YES;
				CLANG_WARN_DEPRECATED_OBJC_IMPLEMENTATIONS = YES;
				CLANG_WARN_DIRECT_OBJC_ISA_USAGE = YES_ERROR;
				CLANG_WARN_DOCUMENTATION_COMMENTS = YES;
				CLANG_WARN_EMPTY_BODY = YES;
				CLANG_WARN_ENUM_CONVERSION = YES;
				CLANG_WARN_INFINITE_RECURSION = YES;
				CLANG_WARN_INT_CONVERSION = YES;
				CLANG_WARN_NON_LITERAL_NULL_CONVERSION = YES;
				CLANG_WARN_OBJC_IMPLICIT_RETAIN_SELF = YES;
				CLANG_WARN_OBJC_LITERAL_CONVERSION = YES;
				CLANG_WARN_OBJC_ROOT_CLASS = YES_ERROR;
				CLANG_WARN_RANGE_LOOP_ANALYSIS = YES;
				CLANG_WARN_STRICT_PROTOTYPES = YES;
				CLANG_WARN_SUSPICIOUS_MOVE = YES;
				CLANG_WARN_UNGUARDED_AVAILABILITY = YES_AGGRESSIVE;
				CLANG_WARN_UNREACHABLE_CODE = YES;
				CLANG_WARN__DUPLICATE_METHOD_MATCH = YES;
				CODE_SIGN_IDENTITY = "iPhone Developer";
				COPY_PHASE_STRIP = NO;
				DEBUG_INFORMATION_FORMAT = "dwarf-with-dsym";
				ENABLE_NS_ASSERTIONS = NO;
				ENABLE_STRICT_OBJC_MSGSEND = YES;
				GCC_C_LANGUAGE_STANDARD = gnu11;
				GCC_NO_COMMON_BLOCKS = YES;
				GCC_WARN_64_TO_32_BIT_CONVERSION = YES;
				GCC_WARN_ABOUT_RETURN_TYPE = YES_ERROR;
				GCC_WARN_UNDECLARED_SELECTOR = YES;
				GCC_WARN_UNINITIALIZED_AUTOS = YES_AGGRESSIVE;
				GCC_WARN_UNUSED_FUNCTION = YES;
				GCC_WARN_UNUSED_VARIABLE = YES;
				IPHONEOS_DEPLOYMENT_TARGET = 12.1;
				MTL_ENABLE_DEBUG_INFO = NO;
				MTL_FAST_MATH = YES;
				SDKROOT = iphoneos;
				SWIFT_COMPILATION_MODE = wholemodule;
				SWIFT_OPTIMIZATION_LEVEL = "-O";
				VALIDATE_PRODUCT = YES;
			};
			name = Release;
		};
		8811B276235DC18000D7E438 /* Debug */ = {
			isa = XCBuildConfiguration;
			buildSettings = {
				ASSETCATALOG_COMPILER_APPICON_NAME = AppIcon;
				CODE_SIGN_STYLE = Automatic;
				DEVELOPMENT_TEAM = 2374DB85G4;
				INFOPLIST_FILE = todoey/Info.plist;
				LD_RUNPATH_SEARCH_PATHS = (
					"$(inherited)",
					"@executable_path/Frameworks",
				);
				PRODUCT_BUNDLE_IDENTIFIER = com.vestment.todoey;
				PRODUCT_NAME = "$(TARGET_NAME)";
				SWIFT_VERSION = 4.2;
				TARGETED_DEVICE_FAMILY = "1,2";
			};
			name = Debug;
		};
		8811B277235DC18000D7E438 /* Release */ = {
			isa = XCBuildConfiguration;
			buildSettings = {
				ASSETCATALOG_COMPILER_APPICON_NAME = AppIcon;
				CODE_SIGN_STYLE = Automatic;
				DEVELOPMENT_TEAM = 2374DB85G4;
				INFOPLIST_FILE = todoey/Info.plist;
				LD_RUNPATH_SEARCH_PATHS = (
					"$(inherited)",
					"@executable_path/Frameworks",
				);
				PRODUCT_BUNDLE_IDENTIFIER = com.vestment.todoey;
				PRODUCT_NAME = "$(TARGET_NAME)";
				SWIFT_VERSION = 4.2;
				TARGETED_DEVICE_FAMILY = "1,2";
			};
			name = Release;
		};
/* End XCBuildConfiguration section */

/* Begin XCConfigurationList section */
		8811B25E235DC17B00D7E438 /* Build configuration list for PBXProject "todoey" */ = {
			isa = XCConfigurationList;
			buildConfigurations = (
				8811B273235DC18000D7E438 /* Debug */,
				8811B274235DC18000D7E438 /* Release */,
			);
			defaultConfigurationIsVisible = 0;
			defaultConfigurationName = Release;
		};
		8811B275235DC18000D7E438 /* Build configuration list for PBXNativeTarget "todoey" */ = {
			isa = XCConfigurationList;
			buildConfigurations = (
				8811B276235DC18000D7E438 /* Debug */,
				8811B277235DC18000D7E438 /* Release */,
			);
			defaultConfigurationIsVisible = 0;
			defaultConfigurationName = Release;
		};
/* End XCConfigurationList section */

/* Begin XCVersionGroup section */
		8823953F235F384600DAB81B /* DataModel.xcdatamodeld */ = {
			isa = XCVersionGroup;
			children = (
				88239540235F384600DAB81B /* DataModel.xcdatamodel */,
			);
			currentVersion = 88239540235F384600DAB81B /* DataModel.xcdatamodel */;
			path = DataModel.xcdatamodeld;
			sourceTree = "<group>";
			versionGroupType = wrapper.xcdatamodel;
		};
/* End XCVersionGroup section */
	};
	rootObject = 8811B25B235DC17B00D7E438 /* Project object */;
}
